
Microsoft Visual Studio Solution File, Format Version 12.00
# Visual Studio Version 16
VisualStudioVersion = 16.0.31229.75
MinimumVisualStudioVersion = 10.0.40219.1
Project("{FAE04EC0-301F-11D3-BF4B-00C04F79EFBC}") = "WebApplication1", "WebApplication1\WebApplication1.csproj", "{C18E7B30-F4A8-4F4A-BB7E-70111EDFEB76}"
EndProject
Global
	GlobalSection(SolutionConfigurationPlatforms) = preSolution
		Debug|Any CPU = Debug|Any CPU
		Release|Any CPU = Release|Any CPU
	EndGlobalSection
	GlobalSection(ProjectConfigurationPlatforms) = postSolution
		{C18E7B30-F4A8-4F4A-BB7E-70111EDFEB76}.Debug|Any CPU.ActiveCfg = Debug|Any CPU
		{C18E7B30-F4A8-4F4A-BB7E-70111EDFEB76}.Debug|Any CPU.Build.0 = Debug|Any CPU
		{C18E7B30-F4A8-4F4A-BB7E-70111EDFEB76}.Release|Any CPU.ActiveCfg = Release|Any CPU
		{C18E7B30-F4A8-4F4A-BB7E-70111EDFEB76}.Release|Any CPU.Build.0 = Release|Any CPU
	EndGlobalSection
	GlobalSection(SolutionProperties) = preSolution
		HideSolutionNode = FALSE
	EndGlobalSection
	GlobalSection(ExtensibilityGlobals) = postSolution
		SolutionGuid = {7920B75E-400B-4268-8BB0-E690CA44BED8}
	EndGlobalSection
EndGlobal
